
Microsoft Visual Studio Solution File, Format Version 12.00
# Visual Studio Version 17
VisualStudioVersion = 17.5.002.0
MinimumVisualStudioVersion = 10.0.40219.1
Project("{9A19103F-16F7-4668-BE54-9A1E7A4F7556}") = "Trabalho_POO_RESTAURANTE", "Trabalho_POO_RESTAURANTE.csproj", "{DE5B20F8-FF9D-43F8-9958-6EDB78649559}"
EndProject
Global
	GlobalSection(SolutionConfigurationPlatforms) = preSolution
		Debug|Any CPU = Debug|Any CPU
		Release|Any CPU = Release|Any CPU
	EndGlobalSection
	GlobalSection(ProjectConfigurationPlatforms) = postSolution
		{DE5B20F8-FF9D-43F8-9958-6EDB78649559}.Debug|Any CPU.ActiveCfg = Debug|Any CPU
		{DE5B20F8-FF9D-43F8-9958-6EDB78649559}.Debug|Any CPU.Build.0 = Debug|Any CPU
		{DE5B20F8-FF9D-43F8-9958-6EDB78649559}.Release|Any CPU.ActiveCfg = Release|Any CPU
		{DE5B20F8-FF9D-43F8-9958-6EDB78649559}.Release|Any CPU.Build.0 = Release|Any CPU
	EndGlobalSection
	GlobalSection(SolutionProperties) = preSolution
		HideSolutionNode = FALSE
	EndGlobalSection
	GlobalSection(ExtensibilityGlobals) = postSolution
		SolutionGuid = {263F0530-B0B7-4899-A966-80903A03BEFD}
	EndGlobalSection
EndGlobal
