
Microsoft Visual Studio Solution File, Format Version 12.00
# Visual Studio Version 17
VisualStudioVersion = 17.5.002.0
MinimumVisualStudioVersion = 10.0.40219.1
Project("{9A19103F-16F7-4668-BE54-9A1E7A4F7556}") = "Trabalho_POO_RESTAURANTE", "Trabalho_POO_RESTAURANTE.csproj", "{60229A01-D7BA-4ED4-A990-D046B595687C}"
EndProject
Global
	GlobalSection(SolutionConfigurationPlatforms) = preSolution
		Debug|Any CPU = Debug|Any CPU
		Release|Any CPU = Release|Any CPU
	EndGlobalSection
	GlobalSection(ProjectConfigurationPlatforms) = postSolution
		{60229A01-D7BA-4ED4-A990-D046B595687C}.Debug|Any CPU.ActiveCfg = Debug|Any CPU
		{60229A01-D7BA-4ED4-A990-D046B595687C}.Debug|Any CPU.Build.0 = Debug|Any CPU
		{60229A01-D7BA-4ED4-A990-D046B595687C}.Release|Any CPU.ActiveCfg = Release|Any CPU
		{60229A01-D7BA-4ED4-A990-D046B595687C}.Release|Any CPU.Build.0 = Release|Any CPU
	EndGlobalSection
	GlobalSection(SolutionProperties) = preSolution
		HideSolutionNode = FALSE
	EndGlobalSection
	GlobalSection(ExtensibilityGlobals) = postSolution
		SolutionGuid = {263F0530-B0B7-4899-A966-80903A03BEFD}
	EndGlobalSection
EndGlobal
